
Microsoft Visual Studio Solution File, Format Version 12.00
# Visual Studio Version 17
VisualStudioVersion = 17.2.32519.379
MinimumVisualStudioVersion = 10.0.40219.1
Project("{9A19103F-16F7-4668-BE54-9A1E7A4F7556}") = "PlatformsService", "Microservices\PlatformsService.csproj", "{58BE39A0-976B-4736-8466-8C1921687DAF}"
EndProject
Project("{9A19103F-16F7-4668-BE54-9A1E7A4F7556}") = "CommandsService", "CommandsService\CommandsService.csproj", "{AC9F9B30-BD75-42A3-8298-BA76A345AC78}"
EndProject
Global
	GlobalSection(SolutionConfigurationPlatforms) = preSolution
		Debug|Any CPU = Debug|Any CPU
		Release|Any CPU = Release|Any CPU
	EndGlobalSection
	GlobalSection(ProjectConfigurationPlatforms) = postSolution
		{58BE39A0-976B-4736-8466-8C1921687DAF}.Debug|Any CPU.ActiveCfg = Debug|Any CPU
		{58BE39A0-976B-4736-8466-8C1921687DAF}.Debug|Any CPU.Build.0 = Debug|Any CPU
		{58BE39A0-976B-4736-8466-8C1921687DAF}.Release|Any CPU.ActiveCfg = Release|Any CPU
		{58BE39A0-976B-4736-8466-8C1921687DAF}.Release|Any CPU.Build.0 = Release|Any CPU
		{AC9F9B30-BD75-42A3-8298-BA76A345AC78}.Debug|Any CPU.ActiveCfg = Debug|Any CPU
		{AC9F9B30-BD75-42A3-8298-BA76A345AC78}.Debug|Any CPU.Build.0 = Debug|Any CPU
		{AC9F9B30-BD75-42A3-8298-BA76A345AC78}.Release|Any CPU.ActiveCfg = Release|Any CPU
		{AC9F9B30-BD75-42A3-8298-BA76A345AC78}.Release|Any CPU.Build.0 = Release|Any CPU
	EndGlobalSection
	GlobalSection(SolutionProperties) = preSolution
		HideSolutionNode = FALSE
	EndGlobalSection
	GlobalSection(ExtensibilityGlobals) = postSolution
		SolutionGuid = {E4D392D7-DCDF-455C-A826-7F59FFE751C3}
	EndGlobalSection
EndGlobal
